{
  "name": "react",
  "version": "0.0.0",
  "lockfileVersion": 1,
  "requires": true,
  "dependencies": {
    "froala-editor": {
      "version": "4.0.12",
      "resolved": "https://registry.npmjs.org/froala-editor/-/froala-editor-4.0.12.tgz",
      "integrity": "sha512-y4uh6DOKYddXZNx2lGhzng8KFHqb2/yD/u9SlT9zXQDwoo4N2AtINs8F4CwDmKFDiwMMaWEpEmWWgsFYQ8fo8Q=="
    }
  }
}
